
Microsoft Visual Studio Solution File, Format Version 12.00
# Visual Studio 15
VisualStudioVersion = 15.0.28010.2046
MinimumVisualStudioVersion = 10.0.40219.1
Project("{FAE04EC0-301F-11D3-BF4B-00C04F79EFBC}") = "Multiples of 3 and 5", "Multiples of 3 and 5\Multiples of 3 and 5.csproj", "{608E6376-567D-4DD0-92E1-E491AEFEEA74}"
EndProject
Project("{FAE04EC0-301F-11D3-BF4B-00C04F79EFBC}") = "Even Fibonacci numbers", "Even Fibonacci numbers\Even Fibonacci numbers.csproj", "{7B789B29-6F74-4BCD-A9DA-E7ED7207FE51}"
EndProject
Project("{FAE04EC0-301F-11D3-BF4B-00C04F79EFBC}") = "Largest prime factor", "Largest prime factor\Largest prime factor.csproj", "{2B4FA8E9-904D-4D0C-BAE7-89FBECBAC7B7}"
EndProject
Project("{FAE04EC0-301F-11D3-BF4B-00C04F79EFBC}") = "Largest palindrome product", "Largest palindrome product\Largest palindrome product.csproj", "{7097E8AA-6AE2-40AE-8EC6-3BE49FF2931F}"
EndProject
Project("{FAE04EC0-301F-11D3-BF4B-00C04F79EFBC}") = "Smallest multiple", "Smallest multiple\Smallest multiple.csproj", "{F30E8B56-7BB8-4152-8D14-C57933211654}"
EndProject
Project("{FAE04EC0-301F-11D3-BF4B-00C04F79EFBC}") = "Sum square difference", "Sum square difference\Sum square difference.csproj", "{E2DEC5BA-8B9C-4B25-BA67-0C7681069ACF}"
EndProject
Global
	GlobalSection(SolutionConfigurationPlatforms) = preSolution
		Debug|Any CPU = Debug|Any CPU
		Release|Any CPU = Release|Any CPU
	EndGlobalSection
	GlobalSection(ProjectConfigurationPlatforms) = postSolution
		{608E6376-567D-4DD0-92E1-E491AEFEEA74}.Debug|Any CPU.ActiveCfg = Debug|Any CPU
		{608E6376-567D-4DD0-92E1-E491AEFEEA74}.Debug|Any CPU.Build.0 = Debug|Any CPU
		{608E6376-567D-4DD0-92E1-E491AEFEEA74}.Release|Any CPU.ActiveCfg = Release|Any CPU
		{608E6376-567D-4DD0-92E1-E491AEFEEA74}.Release|Any CPU.Build.0 = Release|Any CPU
		{7B789B29-6F74-4BCD-A9DA-E7ED7207FE51}.Debug|Any CPU.ActiveCfg = Debug|Any CPU
		{7B789B29-6F74-4BCD-A9DA-E7ED7207FE51}.Debug|Any CPU.Build.0 = Debug|Any CPU
		{7B789B29-6F74-4BCD-A9DA-E7ED7207FE51}.Release|Any CPU.ActiveCfg = Release|Any CPU
		{7B789B29-6F74-4BCD-A9DA-E7ED7207FE51}.Release|Any CPU.Build.0 = Release|Any CPU
		{2B4FA8E9-904D-4D0C-BAE7-89FBECBAC7B7}.Debug|Any CPU.ActiveCfg = Debug|Any CPU
		{2B4FA8E9-904D-4D0C-BAE7-89FBECBAC7B7}.Debug|Any CPU.Build.0 = Debug|Any CPU
		{2B4FA8E9-904D-4D0C-BAE7-89FBECBAC7B7}.Release|Any CPU.ActiveCfg = Release|Any CPU
		{2B4FA8E9-904D-4D0C-BAE7-89FBECBAC7B7}.Release|Any CPU.Build.0 = Release|Any CPU
		{7097E8AA-6AE2-40AE-8EC6-3BE49FF2931F}.Debug|Any CPU.ActiveCfg = Debug|Any CPU
		{7097E8AA-6AE2-40AE-8EC6-3BE49FF2931F}.Debug|Any CPU.Build.0 = Debug|Any CPU
		{7097E8AA-6AE2-40AE-8EC6-3BE49FF2931F}.Release|Any CPU.ActiveCfg = Release|Any CPU
		{7097E8AA-6AE2-40AE-8EC6-3BE49FF2931F}.Release|Any CPU.Build.0 = Release|Any CPU
		{F30E8B56-7BB8-4152-8D14-C57933211654}.Debug|Any CPU.ActiveCfg = Debug|Any CPU
		{F30E8B56-7BB8-4152-8D14-C57933211654}.Debug|Any CPU.Build.0 = Debug|Any CPU
		{F30E8B56-7BB8-4152-8D14-C57933211654}.Release|Any CPU.ActiveCfg = Release|Any CPU
		{F30E8B56-7BB8-4152-8D14-C57933211654}.Release|Any CPU.Build.0 = Release|Any CPU
		{E2DEC5BA-8B9C-4B25-BA67-0C7681069ACF}.Debug|Any CPU.ActiveCfg = Debug|Any CPU
		{E2DEC5BA-8B9C-4B25-BA67-0C7681069ACF}.Debug|Any CPU.Build.0 = Debug|Any CPU
		{E2DEC5BA-8B9C-4B25-BA67-0C7681069ACF}.Release|Any CPU.ActiveCfg = Release|Any CPU
		{E2DEC5BA-8B9C-4B25-BA67-0C7681069ACF}.Release|Any CPU.Build.0 = Release|Any CPU
	EndGlobalSection
	GlobalSection(SolutionProperties) = preSolution
		HideSolutionNode = FALSE
	EndGlobalSection
	GlobalSection(ExtensibilityGlobals) = postSolution
		SolutionGuid = {7ADE211A-338C-4B22-A8AF-15E01BC93E6D}
	EndGlobalSection
EndGlobal
